// !$*UTF8*$!
{
	archiveVersion = 1;
	classes = {
	};
	objectVersion = 56;
	objects = {

/* Begin PBXBuildFile section */
		5A45531D29C0539400CEDC47 /* AppDelegate.swift in Sources */ = {isa = PBXBuildFile; fileRef = 5A45531C29C0539400CEDC47 /* AppDelegate.swift */; };
		5A45531F29C0539400CEDC47 /* SceneDelegate.swift in Sources */ = {isa = PBXBuildFile; fileRef = 5A45531E29C0539400CEDC47 /* SceneDelegate.swift */; };
		5A45532129C0539400CEDC47 /* ViewController.swift in Sources */ = {isa = PBXBuildFile; fileRef = 5A45532029C0539400CEDC47 /* ViewController.swift */; };
		5A45532429C0539400CEDC47 /* Main.storyboard in Resources */ = {isa = PBXBuildFile; fileRef = 5A45532229C0539400CEDC47 /* Main.storyboard */; };
		5A45532729C0539400CEDC47 /* Tipsy.xcdatamodeld in Sources */ = {isa = PBXBuildFile; fileRef = 5A45532529C0539400CEDC47 /* Tipsy.xcdatamodeld */; };
		5A45532929C0539500CEDC47 /* Assets.xcassets in Resources */ = {isa = PBXBuildFile; fileRef = 5A45532829C0539500CEDC47 /* Assets.xcassets */; };
		5A45532C29C0539500CEDC47 /* LaunchScreen.storyboard in Resources */ = {isa = PBXBuildFile; fileRef = 5A45532A29C0539500CEDC47 /* LaunchScreen.storyboard */; };
		5A45533729C0539500CEDC47 /* TipsyTests.swift in Sources */ = {isa = PBXBuildFile; fileRef = 5A45533629C0539500CEDC47 /* TipsyTests.swift */; };
		5A45534129C0539500CEDC47 /* TipsyUITests.swift in Sources */ = {isa = PBXBuildFile; fileRef = 5A45534029C0539500CEDC47 /* TipsyUITests.swift */; };
		5A45534329C0539500CEDC47 /* TipsyUITestsLaunchTests.swift in Sources */ = {isa = PBXBuildFile; fileRef = 5A45534229C0539500CEDC47 /* TipsyUITestsLaunchTests.swift */; };
/* End PBXBuildFile section */

/* Begin PBXContainerItemProxy section */
		5A45533329C0539500CEDC47 /* PBXContainerItemProxy */ = {
			isa = PBXContainerItemProxy;
			containerPortal = 5A45531129C0539400CEDC47 /* Project object */;
			proxyType = 1;
			remoteGlobalIDString = 5A45531829C0539400CEDC47;
			remoteInfo = Tipsy;
		};
		5A45533D29C0539500CEDC47 /* PBXContainerItemProxy */ = {
			isa = PBXContainerItemProxy;
			containerPortal = 5A45531129C0539400CEDC47 /* Project object */;
			proxyType = 1;
			remoteGlobalIDString = 5A45531829C0539400CEDC47;
			remoteInfo = Tipsy;
		};
/* End PBXContainerItemProxy section */

/* Begin PBXFileReference section */
		5A45531929C0539400CEDC47 /* Tipsy.app */ = {isa = PBXFileReference; explicitFileType = wrapper.application; includeInIndex = 0; path = Tipsy.app; sourceTree = BUILT_PRODUCTS_DIR; };
		5A45531C29C0539400CEDC47 /* AppDelegate.swift */ = {isa = PBXFileReference; lastKnownFileType = sourcecode.swift; path = AppDelegate.swift; sourceTree = "<group>"; };
		5A45531E29C0539400CEDC47 /* SceneDelegate.swift */ = {isa = PBXFileReference; lastKnownFileType = sourcecode.swift; path = SceneDelegate.swift; sourceTree = "<group>"; };
		5A45532029C0539400CEDC47 /* ViewController.swift */ = {isa = PBXFileReference; lastKnownFileType = sourcecode.swift; path = ViewController.swift; sourceTree = "<group>"; };
		5A45532329C0539400CEDC47 /* Base */ = {isa = PBXFileReference; lastKnownFileType = file.storyboard; name = Base; path = Base.lproj/Main.storyboard; sourceTree = "<group>"; };
		5A45532629C0539400CEDC47 /* Tipsy.xcdatamodel */ = {isa = PBXFileReference; lastKnownFileType = wrapper.xcdatamodel; path = Tipsy.xcdatamodel; sourceTree = "<group>"; };
		5A45532829C0539500CEDC47 /* Assets.xcassets */ = {isa = PBXFileReference; lastKnownFileType = folder.assetcatalog; path = Assets.xcassets; sourceTree = "<group>"; };
		5A45532B29C0539500CEDC47 /* Base */ = {isa = PBXFileReference; lastKnownFileType = file.storyboard; name = Base; path = Base.lproj/LaunchScreen.storyboard; sourceTree = "<group>"; };
		5A45532D29C0539500CEDC47 /* Info.plist */ = {isa = PBXFileReference; lastKnownFileType = text.plist.xml; path = Info.plist; sourceTree = "<group>"; };
		5A45533229C0539500CEDC47 /* TipsyTests.xctest */ = {isa = PBXFileReference; explicitFileType = wrapper.cfbundle; includeInIndex = 0; path = TipsyTests.xctest; sourceTree = BUILT_PRODUCTS_DIR; };
		5A45533629C0539500CEDC47 /* TipsyTests.swift */ = {isa = PBXFileReference; lastKnownFileType = sourcecode.swift; path = TipsyTests.swift; sourceTree = "<group>"; };
		5A45533C29C0539500CEDC47 /* TipsyUITests.xctest */ = {isa = PBXFileReference; explicitFileType = wrapper.cfbundle; includeInIndex = 0; path = TipsyUITests.xctest; sourceTree = BUILT_PRODUCTS_DIR; };
		5A45534029C0539500CEDC47 /* TipsyUITests.swift */ = {isa = PBXFileReference; lastKnownFileType = sourcecode.swift; path = TipsyUITests.swift; sourceTree = "<group>"; };
		5A45534229C0539500CEDC47 /* TipsyUITestsLaunchTests.swift */ = {isa = PBXFileReference; lastKnownFileType = sourcecode.swift; path = TipsyUITestsLaunchTests.swift; sourceTree = "<group>"; };
/* End PBXFileReference section */

/* Begin PBXFrameworksBuildPhase section */
		5A45531629C0539400CEDC47 /* Frameworks */ = {
			isa = PBXFrameworksBuildPhase;
			buildActionMask = 2147483647;
			files = (
			);
			runOnlyForDeploymentPostprocessing = 0;
		};
		5A45532F29C0539500CEDC47 /* Frameworks */ = {
			isa = PBXFrameworksBuildPhase;
			buildActionMask = 2147483647;
			files = (
			);
			runOnlyForDeploymentPostprocessing = 0;
		};
		5A45533929C0539500CEDC47 /* Frameworks */ = {
			isa = PBXFrameworksBuildPhase;
			buildActionMask = 2147483647;
			files = (
			);
			runOnlyForDeploymentPostprocessing = 0;
		};
/* End PBXFrameworksBuildPhase section */

/* Begin PBXGroup section */
		5A45531029C0539400CEDC47 = {
			isa = PBXGroup;
			children = (
				5A45531B29C0539400CEDC47 /* Tipsy */,
				5A45533529C0539500CEDC47 /* TipsyTests */,
				5A45533F29C0539500CEDC47 /* TipsyUITests */,
				5A45531A29C0539400CEDC47 /* Products */,
			);
			sourceTree = "<group>";
		};
		5A45531A29C0539400CEDC47 /* Products */ = {
			isa = PBXGroup;
			children = (
				5A45531929C0539400CEDC47 /* Tipsy.app */,
				5A45533229C0539500CEDC47 /* TipsyTests.xctest */,
				5A45533C29C0539500CEDC47 /* TipsyUITests.xctest */,
			);
			name = Products;
			sourceTree = "<group>";
		};
		5A45531B29C0539400CEDC47 /* Tipsy */ = {
			isa = PBXGroup;
			children = (
				5A45531C29C0539400CEDC47 /* AppDelegate.swift */,
				5A45531E29C0539400CEDC47 /* SceneDelegate.swift */,
				5A45532029C0539400CEDC47 /* ViewController.swift */,
				5A45532229C0539400CEDC47 /* Main.storyboard */,
				5A45532829C0539500CEDC47 /* Assets.xcassets */,
				5A45532A29C0539500CEDC47 /* LaunchScreen.storyboard */,
				5A45532D29C0539500CEDC47 /* Info.plist */,
				5A45532529C0539400CEDC47 /* Tipsy.xcdatamodeld */,
			);
			path = Tipsy;
			sourceTree = "<group>";
		};
		5A45533529C0539500CEDC47 /* TipsyTests */ = {
			isa = PBXGroup;
			children = (
				5A45533629C0539500CEDC47 /* TipsyTests.swift */,
			);
			path = TipsyTests;
			sourceTree = "<group>";
		};
		5A45533F29C0539500CEDC47 /* TipsyUITests */ = {
			isa = PBXGroup;
			children = (
				5A45534029C0539500CEDC47 /* TipsyUITests.swift */,
				5A45534229C0539500CEDC47 /* TipsyUITestsLaunchTests.swift */,
			);
			path = TipsyUITests;
			sourceTree = "<group>";
		};
/* End PBXGroup section */

/* Begin PBXNativeTarget section */
		5A45531829C0539400CEDC47 /* Tipsy */ = {
			isa = PBXNativeTarget;
			buildConfigurationList = 5A45534629C0539500CEDC47 /* Build configuration list for PBXNativeTarget "Tipsy" */;
			buildPhases = (
				5A45531529C0539400CEDC47 /* Sources */,
				5A45531629C0539400CEDC47 /* Frameworks */,
				5A45531729C0539400CEDC47 /* Resources */,
			);
			buildRules = (
			);
			dependencies = (
			);
			name = Tipsy;
			productName = Tipsy;
			productReference = 5A45531929C0539400CEDC47 /* Tipsy.app */;
			productType = "com.apple.product-type.application";
		};
		5A45533129C0539500CEDC47 /* TipsyTests */ = {
			isa = PBXNativeTarget;
			buildConfigurationList = 5A45534929C0539500CEDC47 /* Build configuration list for PBXNativeTarget "TipsyTests" */;
			buildPhases = (
				5A45532E29C0539500CEDC47 /* Sources */,
				5A45532F29C0539500CEDC47 /* Frameworks */,
				5A45533029C0539500CEDC47 /* Resources */,
			);
			buildRules = (
			);
			dependencies = (
				5A45533429C0539500CEDC47 /* PBXTargetDependency */,
			);
			name = TipsyTests;
			productName = TipsyTests;
			productReference = 5A45533229C0539500CEDC47 /* TipsyTests.xctest */;
			productType = "com.apple.product-type.bundle.unit-test";
		};
		5A45533B29C0539500CEDC47 /* TipsyUITests */ = {
			isa = PBXNativeTarget;
			buildConfigurationList = 5A45534C29C0539500CEDC47 /* Build configuration list for PBXNativeTarget "TipsyUITests" */;
			buildPhases = (
				5A45533829C0539500CEDC47 /* Sources */,
				5A45533929C0539500CEDC47 /* Frameworks */,
				5A45533A29C0539500CEDC47 /* Resources */,
			);
			buildRules = (
			);
			dependencies = (
				5A45533E29C0539500CEDC47 /* PBXTargetDependency */,
			);
			name = TipsyUITests;
			productName = TipsyUITests;
			productReference = 5A45533C29C0539500CEDC47 /* TipsyUITests.xctest */;
			productType = "com.apple.product-type.bundle.ui-testing";
		};
/* End PBXNativeTarget section */

/* Begin PBXProject section */
		5A45531129C0539400CEDC47 /* Project object */ = {
			isa = PBXProject;
			attributes = {
				BuildIndependentTargetsInParallel = 1;
				LastSwiftUpdateCheck = 1420;
				LastUpgradeCheck = 1420;
				TargetAttributes = {
					5A45531829C0539400CEDC47 = {
						CreatedOnToolsVersion = 14.2;
					};
					5A45533129C0539500CEDC47 = {
						CreatedOnToolsVersion = 14.2;
						TestTargetID = 5A45531829C0539400CEDC47;
					};
					5A45533B29C0539500CEDC47 = {
						CreatedOnToolsVersion = 14.2;
						TestTargetID = 5A45531829C0539400CEDC47;
					};
				};
			};
			buildConfigurationList = 5A45531429C0539400CEDC47 /* Build configuration list for PBXProject "Tipsy" */;
			compatibilityVersion = "Xcode 14.0";
			developmentRegion = en;
			hasScannedForEncodings = 0;
			knownRegions = (
				en,
				Base,
			);
			mainGroup = 5A45531029C0539400CEDC47;
			productRefGroup = 5A45531A29C0539400CEDC47 /* Products */;
			projectDirPath = "";
			projectRoot = "";
			targets = (
				5A45531829C0539400CEDC47 /* Tipsy */,
				5A45533129C0539500CEDC47 /* TipsyTests */,
				5A45533B29C0539500CEDC47 /* TipsyUITests */,
			);
		};
/* End PBXProject section */

/* Begin PBXResourcesBuildPhase section */
		5A45531729C0539400CEDC47 /* Resources */ = {
			isa = PBXResourcesBuildPhase;
			buildActionMask = 2147483647;
			files = (
				5A45532C29C0539500CEDC47 /* LaunchScreen.storyboard in Resources */,
				5A45532929C0539500CEDC47 /* Assets.xcassets in Resources */,
				5A45532429C0539400CEDC47 /* Main.storyboard in Resources */,
			);
			runOnlyForDeploymentPostprocessing = 0;
		};
		5A45533029C0539500CEDC47 /* Resources */ = {
			isa = PBXResourcesBuildPhase;
			buildActionMask = 2147483647;
			files = (
			);
			runOnlyForDeploymentPostprocessing = 0;
		};
		5A45533A29C0539500CEDC47 /* Resources */ = {
			isa = PBXResourcesBuildPhase;
			buildActionMask = 2147483647;
			files = (
			);
			runOnlyForDeploymentPostprocessing = 0;
		};
/* End PBXResourcesBuildPhase section */

/* Begin PBXSourcesBuildPhase section */
		5A45531529C0539400CEDC47 /* Sources */ = {
			isa = PBXSourcesBuildPhase;
			buildActionMask = 2147483647;
			files = (
				5A45532129C0539400CEDC47 /* ViewController.swift in Sources */,
				5A45531D29C0539400CEDC47 /* AppDelegate.swift in Sources */,
				5A45531F29C0539400CEDC47 /* SceneDelegate.swift in Sources */,
				5A45532729C0539400CEDC47 /* Tipsy.xcdatamodeld in Sources */,
			);
			runOnlyForDeploymentPostprocessing = 0;
		};
		5A45532E29C0539500CEDC47 /* Sources */ = {
			isa = PBXSourcesBuildPhase;
			buildActionMask = 2147483647;
			files = (
				5A45533729C0539500CEDC47 /* TipsyTests.swift in Sources */,
			);
			runOnlyForDeploymentPostprocessing = 0;
		};
		5A45533829C0539500CEDC47 /* Sources */ = {
			isa = PBXSourcesBuildPhase;
			buildActionMask = 2147483647;
			files = (
				5A45534329C0539500CEDC47 /* TipsyUITestsLaunchTests.swift in Sources */,
				5A45534129C0539500CEDC47 /* TipsyUITests.swift in Sources */,
			);
			runOnlyForDeploymentPostprocessing = 0;
		};
/* End PBXSourcesBuildPhase section */

/* Begin PBXTargetDependency section */
		5A45533429C0539500CEDC47 /* PBXTargetDependency */ = {
			isa = PBXTargetDependency;
			target = 5A45531829C0539400CEDC47 /* Tipsy */;
			targetProxy = 5A45533329C0539500CEDC47 /* PBXContainerItemProxy */;
		};
		5A45533E29C0539500CEDC47 /* PBXTargetDependency */ = {
			isa = PBXTargetDependency;
			target = 5A45531829C0539400CEDC47 /* Tipsy */;
			targetProxy = 5A45533D29C0539500CEDC47 /* PBXContainerItemProxy */;
		};
/* End PBXTargetDependency section */

/* Begin PBXVariantGroup section */
		5A45532229C0539400CEDC47 /* Main.storyboard */ = {
			isa = PBXVariantGroup;
			children = (
				5A45532329C0539400CEDC47 /* Base */,
			);
			name = Main.storyboard;
			sourceTree = "<group>";
		};
		5A45532A29C0539500CEDC47 /* LaunchScreen.storyboard */ = {
			isa = PBXVariantGroup;
			children = (
				5A45532B29C0539500CEDC47 /* Base */,
			);
			name = LaunchScreen.storyboard;
			sourceTree = "<group>";
		};
/* End PBXVariantGroup section */

/* Begin XCBuildConfiguration section */
		5A45534429C0539500CEDC47 /* Debug */ = {
			isa = XCBuildConfiguration;
			buildSettings = {
				ALWAYS_SEARCH_USER_PATHS = NO;
				CLANG_ANALYZER_NONNULL = YES;
				CLANG_ANALYZER_NUMBER_OBJECT_CONVERSION = YES_AGGRESSIVE;
				CLANG_CXX_LANGUAGE_STANDARD = "gnu++20";
				CLANG_ENABLE_MODULES = YES;
				CLANG_ENABLE_OBJC_ARC = YES;
				CLANG_ENABLE_OBJC_WEAK = YES;
				CLANG_WARN_BLOCK_CAPTURE_AUTORELEASING = YES;
				CLANG_WARN_BOOL_CONVERSION = YES;
				CLANG_WARN_COMMA = YES;
				CLANG_WARN_CONSTANT_CONVERSION = YES;
				CLANG_WARN_DEPRECATED_OBJC_IMPLEMENTATIONS = YES;
				CLANG_WARN_DIRECT_OBJC_ISA_USAGE = YES_ERROR;
				CLANG_WARN_DOCUMENTATION_COMMENTS = YES;
				CLANG_WARN_EMPTY_BODY = YES;
				CLANG_WARN_ENUM_CONVERSION = YES;
				CLANG_WARN_INFINITE_RECURSION = YES;
				CLANG_WARN_INT_CONVERSION = YES;
				CLANG_WARN_NON_LITERAL_NULL_CONVERSION = YES;
				CLANG_WARN_OBJC_IMPLICIT_RETAIN_SELF = YES;
				CLANG_WARN_OBJC_LITERAL_CONVERSION = YES;
				CLANG_WARN_OBJC_ROOT_CLASS = YES_ERROR;
				CLANG_WARN_QUOTED_INCLUDE_IN_FRAMEWORK_HEADER = YES;
				CLANG_WARN_RANGE_LOOP_ANALYSIS = YES;
				CLANG_WARN_STRICT_PROTOTYPES = YES;
				CLANG_WARN_SUSPICIOUS_MOVE = YES;
				CLANG_WARN_UNGUARDED_AVAILABILITY = YES_AGGRESSIVE;
				CLANG_WARN_UNREACHABLE_CODE = YES;
				CLANG_WARN__DUPLICATE_METHOD_MATCH = YES;
				COPY_PHASE_STRIP = NO;
				DEBUG_INFORMATION_FORMAT = dwarf;
				ENABLE_STRICT_OBJC_MSGSEND = YES;
				ENABLE_TESTABILITY = YES;
				GCC_C_LANGUAGE_STANDARD = gnu11;
				GCC_DYNAMIC_NO_PIC = NO;
				GCC_NO_COMMON_BLOCKS = YES;
				GCC_OPTIMIZATION_LEVEL = 0;
				GCC_PREPROCESSOR_DEFINITIONS = (
					"DEBUG=1",
					"$(inherited)",
				);
				GCC_WARN_64_TO_32_BIT_CONVERSION = YES;
				GCC_WARN_ABOUT_RETURN_TYPE = YES_ERROR;
				GCC_WARN_UNDECLARED_SELECTOR = YES;
				GCC_WARN_UNINITIALIZED_AUTOS = YES_AGGRESSIVE;
				GCC_WARN_UNUSED_FUNCTION = YES;
				GCC_WARN_UNUSED_VARIABLE = YES;
				IPHONEOS_DEPLOYMENT_TARGET = 16.2;
				MTL_ENABLE_DEBUG_INFO = INCLUDE_SOURCE;
				MTL_FAST_MATH = YES;
				ONLY_ACTIVE_ARCH = YES;
				SDKROOT = iphoneos;
				SWIFT_ACTIVE_COMPILATION_CONDITIONS = DEBUG;
				SWIFT_OPTIMIZATION_LEVEL = "-Onone";
			};
			name = Debug;
		};
		5A45534529C0539500CEDC47 /* Release */ = {
			isa = XCBuildConfiguration;
			buildSettings = {
				ALWAYS_SEARCH_USER_PATHS = NO;
				CLANG_ANALYZER_NONNULL = YES;
				CLANG_ANALYZER_NUMBER_OBJECT_CONVERSION = YES_AGGRESSIVE;
				CLANG_CXX_LANGUAGE_STANDARD = "gnu++20";
				CLANG_ENABLE_MODULES = YES;
				CLANG_ENABLE_OBJC_ARC = YES;
				CLANG_ENABLE_OBJC_WEAK = YES;
				CLANG_WARN_BLOCK_CAPTURE_AUTORELEASING = YES;
				CLANG_WARN_BOOL_CONVERSION = YES;
				CLANG_WARN_COMMA = YES;
				CLANG_WARN_CONSTANT_CONVERSION = YES;
				CLANG_WARN_DEPRECATED_OBJC_IMPLEMENTATIONS = YES;
				CLANG_WARN_DIRECT_OBJC_ISA_USAGE = YES_ERROR;
				CLANG_WARN_DOCUMENTATION_COMMENTS = YES;
				CLANG_WARN_EMPTY_BODY = YES;
				CLANG_WARN_ENUM_CONVERSION = YES;
				CLANG_WARN_INFINITE_RECURSION = YES;
				CLANG_WARN_INT_CONVERSION = YES;
				CLANG_WARN_NON_LITERAL_NULL_CONVERSION = YES;
				CLANG_WARN_OBJC_IMPLICIT_RETAIN_SELF = YES;
				CLANG_WARN_OBJC_LITERAL_CONVERSION = YES;
				CLANG_WARN_OBJC_ROOT_CLASS = YES_ERROR;
				CLANG_WARN_QUOTED_INCLUDE_IN_FRAMEWORK_HEADER = YES;
				CLANG_WARN_RANGE_LOOP_ANALYSIS = YES;
				CLANG_WARN_STRICT_PROTOTYPES = YES;
				CLANG_WARN_SUSPICIOUS_MOVE = YES;
				CLANG_WARN_UNGUARDED_AVAILABILITY = YES_AGGRESSIVE;
				CLANG_WARN_UNREACHABLE_CODE = YES;
				CLANG_WARN__DUPLICATE_METHOD_MATCH = YES;
				COPY_PHASE_STRIP = NO;
				DEBUG_INFORMATION_FORMAT = "dwarf-with-dsym";
				ENABLE_NS_ASSERTIONS = NO;
				ENABLE_STRICT_OBJC_MSGSEND = YES;
				GCC_C_LANGUAGE_STANDARD = gnu11;
				GCC_NO_COMMON_BLOCKS = YES;
				GCC_WARN_64_TO_32_BIT_CONVERSION = YES;
				GCC_WARN_ABOUT_RETURN_TYPE = YES_ERROR;
				GCC_WARN_UNDECLARED_SELECTOR = YES;
				GCC_WARN_UNINITIALIZED_AUTOS = YES_AGGRESSIVE;
				GCC_WARN_UNUSED_FUNCTION = YES;
				GCC_WARN_UNUSED_VARIABLE = YES;
				IPHONEOS_DEPLOYMENT_TARGET = 16.2;
				MTL_ENABLE_DEBUG_INFO = NO;
				MTL_FAST_MATH = YES;
				SDKROOT = iphoneos;
				SWIFT_COMPILATION_MODE = wholemodule;
				SWIFT_OPTIMIZATION_LEVEL = "-O";
				VALIDATE_PRODUCT = YES;
			};
			name = Release;
		};
		5A45534729C0539500CEDC47 /* Debug */ = {
			isa = XCBuildConfiguration;
			buildSettings = {
				ASSETCATALOG_COMPILER_APPICON_NAME = AppIcon;
				ASSETCATALOG_COMPILER_GLOBAL_ACCENT_COLOR_NAME = AccentColor;
				CODE_SIGN_STYLE = Automatic;
				CURRENT_PROJECT_VERSION = 1;
				DEVELOPMENT_TEAM = 8CJWVDYL6L;
				GENERATE_INFOPLIST_FILE = YES;
				INFOPLIST_FILE = Tipsy/Info.plist;
				INFOPLIST_KEY_UIApplicationSupportsIndirectInputEvents = YES;
				INFOPLIST_KEY_UILaunchStoryboardName = LaunchScreen;
				INFOPLIST_KEY_UIMainStoryboardFile = Main;
				INFOPLIST_KEY_UISupportedInterfaceOrientations_iPad = "UIInterfaceOrientationPortrait UIInterfaceOrientationPortraitUpsideDown UIInterfaceOrientationLandscapeLeft UIInterfaceOrientationLandscapeRight";
				INFOPLIST_KEY_UISupportedInterfaceOrientations_iPhone = "UIInterfaceOrientationPortrait UIInterfaceOrientationLandscapeLeft UIInterfaceOrientationLandscapeRight";
				LD_RUNPATH_SEARCH_PATHS = (
					"$(inherited)",
					"@executable_path/Frameworks",
				);
				MARKETING_VERSION = 1.0;
				PRODUCT_BUNDLE_IDENTIFIER = co.zulfucankarakus.Tipsy;
				PRODUCT_NAME = "$(TARGET_NAME)";
				SWIFT_EMIT_LOC_STRINGS = YES;
				SWIFT_VERSION = 5.0;
				TARGETED_DEVICE_FAMILY = "1,2";
			};
			name = Debug;
		};
		5A45534829C0539500CEDC47 /* Release */ = {
			isa = XCBuildConfiguration;
			buildSettings = {
				ASSETCATALOG_COMPILER_APPICON_NAME = AppIcon;
				ASSETCATALOG_COMPILER_GLOBAL_ACCENT_COLOR_NAME = AccentColor;
				CODE_SIGN_STYLE = Automatic;
				CURRENT_PROJECT_VERSION = 1;
				DEVELOPMENT_TEAM = 8CJWVDYL6L;
				GENERATE_INFOPLIST_FILE = YES;
				INFOPLIST_FILE = Tipsy/Info.plist;
				INFOPLIST_KEY_UIApplicationSupportsIndirectInputEvents = YES;
				INFOPLIST_KEY_UILaunchStoryboardName = LaunchScreen;
				INFOPLIST_KEY_UIMainStoryboardFile = Main;
				INFOPLIST_KEY_UISupportedInterfaceOrientations_iPad = "UIInterfaceOrientationPortrait UIInterfaceOrientationPortraitUpsideDown UIInterfaceOrientationLandscapeLeft UIInterfaceOrientationLandscapeRight";
				INFOPLIST_KEY_UISupportedInterfaceOrientations_iPhone = "UIInterfaceOrientationPortrait UIInterfaceOrientationLandscapeLeft UIInterfaceOrientationLandscapeRight";
				LD_RUNPATH_SEARCH_PATHS = (
					"$(inherited)",
					"@executable_path/Frameworks",
				);
				MARKETING_VERSION = 1.0;
				PRODUCT_BUNDLE_IDENTIFIER = co.zulfucankarakus.Tipsy;
				PRODUCT_NAME = "$(TARGET_NAME)";
				SWIFT_EMIT_LOC_STRINGS = YES;
				SWIFT_VERSION = 5.0;
				TARGETED_DEVICE_FAMILY = "1,2";
			};
			name = Release;
		};
		5A45534A29C0539500CEDC47 /* Debug */ = {
			isa = XCBuildConfiguration;
			buildSettings = {
				ALWAYS_EMBED_SWIFT_STANDARD_LIBRARIES = YES;
				BUNDLE_LOADER = "$(TEST_HOST)";
				CODE_SIGN_STYLE = Automatic;
				CURRENT_PROJECT_VERSION = 1;
				DEVELOPMENT_TEAM = 8CJWVDYL6L;
				GENERATE_INFOPLIST_FILE = YES;
				IPHONEOS_DEPLOYMENT_TARGET = 16.2;
				MARKETING_VERSION = 1.0;
				PRODUCT_BUNDLE_IDENTIFIER = co.zulfucankarakus.TipsyTests;
				PRODUCT_NAME = "$(TARGET_NAME)";
				SWIFT_EMIT_LOC_STRINGS = NO;
				SWIFT_VERSION = 5.0;
				TARGETED_DEVICE_FAMILY = "1,2";
				TEST_HOST = "$(BUILT_PRODUCTS_DIR)/Tipsy.app/$(BUNDLE_EXECUTABLE_FOLDER_PATH)/Tipsy";
			};
			name = Debug;
		};
		5A45534B29C0539500CEDC47 /* Release */ = {
			isa = XCBuildConfiguration;
			buildSettings = {
				ALWAYS_EMBED_SWIFT_STANDARD_LIBRARIES = YES;
				BUNDLE_LOADER = "$(TEST_HOST)";
				CODE_SIGN_STYLE = Automatic;
				CURRENT_PROJECT_VERSION = 1;
				DEVELOPMENT_TEAM = 8CJWVDYL6L;
				GENERATE_INFOPLIST_FILE = YES;
				IPHONEOS_DEPLOYMENT_TARGET = 16.2;
				MARKETING_VERSION = 1.0;
				PRODUCT_BUNDLE_IDENTIFIER = co.zulfucankarakus.TipsyTests;
				PRODUCT_NAME = "$(TARGET_NAME)";
				SWIFT_EMIT_LOC_STRINGS = NO;
				SWIFT_VERSION = 5.0;
				TARGETED_DEVICE_FAMILY = "1,2";
				TEST_HOST = "$(BUILT_PRODUCTS_DIR)/Tipsy.app/$(BUNDLE_EXECUTABLE_FOLDER_PATH)/Tipsy";
			};
			name = Release;
		};
		5A45534D29C0539500CEDC47 /* Debug */ = {
			isa = XCBuildConfiguration;
			buildSettings = {
				ALWAYS_EMBED_SWIFT_STANDARD_LIBRARIES = YES;
				CODE_SIGN_STYLE = Automatic;
				CURRENT_PROJECT_VERSION = 1;
				DEVELOPMENT_TEAM = 8CJWVDYL6L;
				GENERATE_INFOPLIST_FILE = YES;
				MARKETING_VERSION = 1.0;
				PRODUCT_BUNDLE_IDENTIFIER = co.zulfucankarakus.TipsyUITests;
				PRODUCT_NAME = "$(TARGET_NAME)";
				SWIFT_EMIT_LOC_STRINGS = NO;
				SWIFT_VERSION = 5.0;
				TARGETED_DEVICE_FAMILY = "1,2";
				TEST_TARGET_NAME = Tipsy;
			};
			name = Debug;
		};
		5A45534E29C0539500CEDC47 /* Release */ = {
			isa = XCBuildConfiguration;
			buildSettings = {
				ALWAYS_EMBED_SWIFT_STANDARD_LIBRARIES = YES;
				CODE_SIGN_STYLE = Automatic;
				CURRENT_PROJECT_VERSION = 1;
				DEVELOPMENT_TEAM = 8CJWVDYL6L;
				GENERATE_INFOPLIST_FILE = YES;
				MARKETING_VERSION = 1.0;
				PRODUCT_BUNDLE_IDENTIFIER = co.zulfucankarakus.TipsyUITests;
				PRODUCT_NAME = "$(TARGET_NAME)";
				SWIFT_EMIT_LOC_STRINGS = NO;
				SWIFT_VERSION = 5.0;
				TARGETED_DEVICE_FAMILY = "1,2";
				TEST_TARGET_NAME = Tipsy;
			};
			name = Release;
		};
/* End XCBuildConfiguration section */

/* Begin XCConfigurationList section */
		5A45531429C0539400CEDC47 /* Build configuration list for PBXProject "Tipsy" */ = {
			isa = XCConfigurationList;
			buildConfigurations = (
				5A45534429C0539500CEDC47 /* Debug */,
				5A45534529C0539500CEDC47 /* Release */,
			);
			defaultConfigurationIsVisible = 0;
			defaultConfigurationName = Release;
		};
		5A45534629C0539500CEDC47 /* Build configuration list for PBXNativeTarget "Tipsy" */ = {
			isa = XCConfigurationList;
			buildConfigurations = (
				5A45534729C0539500CEDC47 /* Debug */,
				5A45534829C0539500CEDC47 /* Release */,
			);
			defaultConfigurationIsVisible = 0;
			defaultConfigurationName = Release;
		};
		5A45534929C0539500CEDC47 /* Build configuration list for PBXNativeTarget "TipsyTests" */ = {
			isa = XCConfigurationList;
			buildConfigurations = (
				5A45534A29C0539500CEDC47 /* Debug */,
				5A45534B29C0539500CEDC47 /* Release */,
			);
			defaultConfigurationIsVisible = 0;
			defaultConfigurationName = Release;
		};
		5A45534C29C0539500CEDC47 /* Build configuration list for PBXNativeTarget "TipsyUITests" */ = {
			isa = XCConfigurationList;
			buildConfigurations = (
				5A45534D29C0539500CEDC47 /* Debug */,
				5A45534E29C0539500CEDC47 /* Release */,
			);
			defaultConfigurationIsVisible = 0;
			defaultConfigurationName = Release;
		};
/* End XCConfigurationList section */

/* Begin XCVersionGroup section */
		5A45532529C0539400CEDC47 /* Tipsy.xcdatamodeld */ = {
			isa = XCVersionGroup;
			children = (
				5A45532629C0539400CEDC47 /* Tipsy.xcdatamodel */,
			);
			currentVersion = 5A45532629C0539400CEDC47 /* Tipsy.xcdatamodel */;
			path = Tipsy.xcdatamodeld;
			sourceTree = "<group>";
			versionGroupType = wrapper.xcdatamodel;
		};
/* End XCVersionGroup section */
	};
	rootObject = 5A45531129C0539400CEDC47 /* Project object */;
}
